// !$*UTF8*$!
{
	archiveVersion = 1;
	classes = {
	};
	objectVersion = 56;
	objects = {

/* Begin PBXBuildFile section */
		99320AA52C64F78900AF562B /* AppDelegate.swift in Sources */ = {isa = PBXBuildFile; fileRef = 99320AA42C64F78900AF562B /* AppDelegate.swift */; };
		99320AA72C64F78900AF562B /* SceneDelegate.swift in Sources */ = {isa = PBXBuildFile; fileRef = 99320AA62C64F78900AF562B /* SceneDelegate.swift */; };
		99320AA92C64F78900AF562B /* SearchViewcontroller.swift in Sources */ = {isa = PBXBuildFile; fileRef = 99320AA82C64F78900AF562B /* SearchViewcontroller.swift */; };
		99320AAE2C64F78A00AF562B /* Assets.xcassets in Resources */ = {isa = PBXBuildFile; fileRef = 99320AAD2C64F78A00AF562B /* Assets.xcassets */; };
		99320AB12C64F78A00AF562B /* Base in Resources */ = {isa = PBXBuildFile; fileRef = 99320AB02C64F78A00AF562B /* Base */; };
		99320ABC2C64F87900AF562B /* BaseCollectionViewCell.swift in Sources */ = {isa = PBXBuildFile; fileRef = 99320AB92C64F87900AF562B /* BaseCollectionViewCell.swift */; };
		99320ABD2C64F87900AF562B /* BaseTableViewCell.swift in Sources */ = {isa = PBXBuildFile; fileRef = 99320ABA2C64F87900AF562B /* BaseTableViewCell.swift */; };
		99320ABE2C64F87900AF562B /* BaseViewController.swift in Sources */ = {isa = PBXBuildFile; fileRef = 99320ABB2C64F87900AF562B /* BaseViewController.swift */; };
		99320AC12C64F8A700AF562B /* UIViewController+Extension.swift in Sources */ = {isa = PBXBuildFile; fileRef = 99320AC02C64F8A700AF562B /* UIViewController+Extension.swift */; };
		99320AC32C64F8C700AF562B /* ReuseIdentifier.swift in Sources */ = {isa = PBXBuildFile; fileRef = 99320AC22C64F8C700AF562B /* ReuseIdentifier.swift */; };
		99320AC62C64F8F600AF562B /* RxCocoa in Frameworks */ = {isa = PBXBuildFile; productRef = 99320AC52C64F8F600AF562B /* RxCocoa */; };
		99320AC82C64F8F600AF562B /* RxSwift in Frameworks */ = {isa = PBXBuildFile; productRef = 99320AC72C64F8F600AF562B /* RxSwift */; };
		99320ACB2C64F90500AF562B /* SnapKit in Frameworks */ = {isa = PBXBuildFile; productRef = 99320ACA2C64F90500AF562B /* SnapKit */; };
		99320ACE2C64F91100AF562B /* Toast in Frameworks */ = {isa = PBXBuildFile; productRef = 99320ACD2C64F91100AF562B /* Toast */; };
		99320AD12C64FA7900AF562B /* HomeTabBarController.swift in Sources */ = {isa = PBXBuildFile; fileRef = 99320AD02C64FA7900AF562B /* HomeTabBarController.swift */; };
		99320AD62C64FAF100AF562B /* Image.swift in Sources */ = {isa = PBXBuildFile; fileRef = 99320AD52C64FAF100AF562B /* Image.swift */; };
		99320AD82C64FC8E00AF562B /* TodayViewController.swift in Sources */ = {isa = PBXBuildFile; fileRef = 99320AD72C64FC8E00AF562B /* TodayViewController.swift */; };
		99320ADA2C64FC9600AF562B /* GameViewController.swift in Sources */ = {isa = PBXBuildFile; fileRef = 99320AD92C64FC9500AF562B /* GameViewController.swift */; };
		99320ADC2C64FC9C00AF562B /* ArcadeViewController.swift in Sources */ = {isa = PBXBuildFile; fileRef = 99320ADB2C64FC9C00AF562B /* ArcadeViewController.swift */; };
		99320ADE2C64FCD700AF562B /* AppViewController.swift in Sources */ = {isa = PBXBuildFile; fileRef = 99320ADD2C64FCD700AF562B /* AppViewController.swift */; };
		99320AE32C66039F00AF562B /* SearchTableViewCell.swift in Sources */ = {isa = PBXBuildFile; fileRef = 99320AE22C66039F00AF562B /* SearchTableViewCell.swift */; };
		99320AE52C665D5500AF562B /* Software.swift in Sources */ = {isa = PBXBuildFile; fileRef = 99320AE42C665D5500AF562B /* Software.swift */; };
		99320AE82C665EBB00AF562B /* NetworkManeger.swift in Sources */ = {isa = PBXBuildFile; fileRef = 99320AE72C665EBB00AF562B /* NetworkManeger.swift */; };
		99320AEA2C67152200AF562B /* SearchViewModel.swift in Sources */ = {isa = PBXBuildFile; fileRef = 99320AE92C67152200AF562B /* SearchViewModel.swift */; };
		99320AED2C67161000AF562B /* InputOutputViewModel.swift in Sources */ = {isa = PBXBuildFile; fileRef = 99320AEC2C67161000AF562B /* InputOutputViewModel.swift */; };
		9978F8C72C69F5C90064D69F /* Alamofire in Frameworks */ = {isa = PBXBuildFile; productRef = 9978F8C62C69F5C90064D69F /* Alamofire */; };
		9996C6582C674002008F1722 /* Kingfisher in Frameworks */ = {isa = PBXBuildFile; productRef = 9996C6572C674002008F1722 /* Kingfisher */; };
		9996C65B2C674E0D008F1722 /* SearchDetailView.swift in Sources */ = {isa = PBXBuildFile; fileRef = 9996C65A2C674E0D008F1722 /* SearchDetailView.swift */; };
/* End PBXBuildFile section */

/* Begin PBXFileReference section */
		99320AA12C64F78900AF562B /* OurAppStore.app */ = {isa = PBXFileReference; explicitFileType = wrapper.application; includeInIndex = 0; path = OurAppStore.app; sourceTree = BUILT_PRODUCTS_DIR; };
		99320AA42C64F78900AF562B /* AppDelegate.swift */ = {isa = PBXFileReference; lastKnownFileType = sourcecode.swift; path = AppDelegate.swift; sourceTree = "<group>"; };
		99320AA62C64F78900AF562B /* SceneDelegate.swift */ = {isa = PBXFileReference; lastKnownFileType = sourcecode.swift; path = SceneDelegate.swift; sourceTree = "<group>"; };
		99320AA82C64F78900AF562B /* SearchViewcontroller.swift */ = {isa = PBXFileReference; lastKnownFileType = sourcecode.swift; path = SearchViewcontroller.swift; sourceTree = "<group>"; };
		99320AAD2C64F78A00AF562B /* Assets.xcassets */ = {isa = PBXFileReference; lastKnownFileType = folder.assetcatalog; path = Assets.xcassets; sourceTree = "<group>"; };
		99320AB02C64F78A00AF562B /* Base */ = {isa = PBXFileReference; lastKnownFileType = file.storyboard; name = Base; path = Base.lproj/LaunchScreen.storyboard; sourceTree = "<group>"; };
		99320AB22C64F78A00AF562B /* Info.plist */ = {isa = PBXFileReference; lastKnownFileType = text.plist.xml; path = Info.plist; sourceTree = "<group>"; };
		99320AB92C64F87900AF562B /* BaseCollectionViewCell.swift */ = {isa = PBXFileReference; fileEncoding = 4; lastKnownFileType = sourcecode.swift; path = BaseCollectionViewCell.swift; sourceTree = "<group>"; };
		99320ABA2C64F87900AF562B /* BaseTableViewCell.swift */ = {isa = PBXFileReference; fileEncoding = 4; lastKnownFileType = sourcecode.swift; path = BaseTableViewCell.swift; sourceTree = "<group>"; };
		99320ABB2C64F87900AF562B /* BaseViewController.swift */ = {isa = PBXFileReference; fileEncoding = 4; lastKnownFileType = sourcecode.swift; path = BaseViewController.swift; sourceTree = "<group>"; };
		99320AC02C64F8A700AF562B /* UIViewController+Extension.swift */ = {isa = PBXFileReference; lastKnownFileType = sourcecode.swift; path = "UIViewController+Extension.swift"; sourceTree = "<group>"; };
		99320AC22C64F8C700AF562B /* ReuseIdentifier.swift */ = {isa = PBXFileReference; lastKnownFileType = sourcecode.swift; path = ReuseIdentifier.swift; sourceTree = "<group>"; };
		99320AD02C64FA7900AF562B /* HomeTabBarController.swift */ = {isa = PBXFileReference; lastKnownFileType = sourcecode.swift; path = HomeTabBarController.swift; sourceTree = "<group>"; };
		99320AD52C64FAF100AF562B /* Image.swift */ = {isa = PBXFileReference; lastKnownFileType = sourcecode.swift; path = Image.swift; sourceTree = "<group>"; };
		99320AD72C64FC8E00AF562B /* TodayViewController.swift */ = {isa = PBXFileReference; lastKnownFileType = sourcecode.swift; path = TodayViewController.swift; sourceTree = "<group>"; };
		99320AD92C64FC9500AF562B /* GameViewController.swift */ = {isa = PBXFileReference; lastKnownFileType = sourcecode.swift; path = GameViewController.swift; sourceTree = "<group>"; };
		99320ADB2C64FC9C00AF562B /* ArcadeViewController.swift */ = {isa = PBXFileReference; lastKnownFileType = sourcecode.swift; path = ArcadeViewController.swift; sourceTree = "<group>"; };
		99320ADD2C64FCD700AF562B /* AppViewController.swift */ = {isa = PBXFileReference; lastKnownFileType = sourcecode.swift; path = AppViewController.swift; sourceTree = "<group>"; };
		99320AE22C66039F00AF562B /* SearchTableViewCell.swift */ = {isa = PBXFileReference; lastKnownFileType = sourcecode.swift; path = SearchTableViewCell.swift; sourceTree = "<group>"; };
		99320AE42C665D5500AF562B /* Software.swift */ = {isa = PBXFileReference; lastKnownFileType = sourcecode.swift; path = Software.swift; sourceTree = "<group>"; };
		99320AE72C665EBB00AF562B /* NetworkManeger.swift */ = {isa = PBXFileReference; lastKnownFileType = sourcecode.swift; path = NetworkManeger.swift; sourceTree = "<group>"; };
		99320AE92C67152200AF562B /* SearchViewModel.swift */ = {isa = PBXFileReference; lastKnownFileType = sourcecode.swift; path = SearchViewModel.swift; sourceTree = "<group>"; };
		99320AEC2C67161000AF562B /* InputOutputViewModel.swift */ = {isa = PBXFileReference; lastKnownFileType = sourcecode.swift; path = InputOutputViewModel.swift; sourceTree = "<group>"; };
		9996C65A2C674E0D008F1722 /* SearchDetailView.swift */ = {isa = PBXFileReference; lastKnownFileType = sourcecode.swift; path = SearchDetailView.swift; sourceTree = "<group>"; };
/* End PBXFileReference section */

/* Begin PBXFrameworksBuildPhase section */
		99320A9E2C64F78900AF562B /* Frameworks */ = {
			isa = PBXFrameworksBuildPhase;
			buildActionMask = 2147483647;
			files = (
				99320ACE2C64F91100AF562B /* Toast in Frameworks */,
				99320ACB2C64F90500AF562B /* SnapKit in Frameworks */,
				99320AC82C64F8F600AF562B /* RxSwift in Frameworks */,
				9978F8C72C69F5C90064D69F /* Alamofire in Frameworks */,
				99320AC62C64F8F600AF562B /* RxCocoa in Frameworks */,
				9996C6582C674002008F1722 /* Kingfisher in Frameworks */,
			);
			runOnlyForDeploymentPostprocessing = 0;
		};
/* End PBXFrameworksBuildPhase section */

/* Begin PBXGroup section */
		99320A982C64F78900AF562B = {
			isa = PBXGroup;
			children = (
				99320AA32C64F78900AF562B /* OurAppStore */,
				99320AA22C64F78900AF562B /* Products */,
			);
			sourceTree = "<group>";
		};
		99320AA22C64F78900AF562B /* Products */ = {
			isa = PBXGroup;
			children = (
				99320AA12C64F78900AF562B /* OurAppStore.app */,
			);
			name = Products;
			sourceTree = "<group>";
		};
		99320AA32C64F78900AF562B /* OurAppStore */ = {
			isa = PBXGroup;
			children = (
				99320AEB2C67155100AF562B /* Protocol */,
				99320AE62C665EB100AF562B /* Network */,
				99320AE02C66036600AF562B /* Model */,
				99320ADF2C66031C00AF562B /* TabBar */,
				99320AD22C64FAA600AF562B /* Resource */,
				99320ACF2C64FA1F00AF562B /* View */,
				99320ABF2C64F89700AF562B /* Extension */,
				99320AB82C64F84D00AF562B /* Base */,
				99320AA42C64F78900AF562B /* AppDelegate.swift */,
				99320AA62C64F78900AF562B /* SceneDelegate.swift */,
				99320AAD2C64F78A00AF562B /* Assets.xcassets */,
				99320AAF2C64F78A00AF562B /* LaunchScreen.storyboard */,
				99320AB22C64F78A00AF562B /* Info.plist */,
			);
			path = OurAppStore;
			sourceTree = "<group>";
		};
		99320AB82C64F84D00AF562B /* Base */ = {
			isa = PBXGroup;
			children = (
				99320AB92C64F87900AF562B /* BaseCollectionViewCell.swift */,
				99320ABA2C64F87900AF562B /* BaseTableViewCell.swift */,
				99320ABB2C64F87900AF562B /* BaseViewController.swift */,
			);
			path = Base;
			sourceTree = "<group>";
		};
		99320ABF2C64F89700AF562B /* Extension */ = {
			isa = PBXGroup;
			children = (
				99320AC02C64F8A700AF562B /* UIViewController+Extension.swift */,
				99320AC22C64F8C700AF562B /* ReuseIdentifier.swift */,
			);
			path = Extension;
			sourceTree = "<group>";
		};
		99320ACF2C64FA1F00AF562B /* View */ = {
			isa = PBXGroup;
			children = (
				99320AE12C66038D00AF562B /* Search */,
				99320AD72C64FC8E00AF562B /* TodayViewController.swift */,
				99320AD92C64FC9500AF562B /* GameViewController.swift */,
				99320ADB2C64FC9C00AF562B /* ArcadeViewController.swift */,
				99320ADD2C64FCD700AF562B /* AppViewController.swift */,
			);
			path = View;
			sourceTree = "<group>";
		};
		99320AD22C64FAA600AF562B /* Resource */ = {
			isa = PBXGroup;
			children = (
				99320AD52C64FAF100AF562B /* Image.swift */,
			);
			path = Resource;
			sourceTree = "<group>";
		};
		99320ADF2C66031C00AF562B /* TabBar */ = {
			isa = PBXGroup;
			children = (
				99320AD02C64FA7900AF562B /* HomeTabBarController.swift */,
			);
			path = TabBar;
			sourceTree = "<group>";
		};
		99320AE02C66036600AF562B /* Model */ = {
			isa = PBXGroup;
			children = (
				99320AE42C665D5500AF562B /* Software.swift */,
			);
			path = Model;
			sourceTree = "<group>";
		};
		99320AE12C66038D00AF562B /* Search */ = {
			isa = PBXGroup;
			children = (
				9996C6592C674DFF008F1722 /* Detail */,
				99320AA82C64F78900AF562B /* SearchViewcontroller.swift */,
				99320AE22C66039F00AF562B /* SearchTableViewCell.swift */,
				99320AE92C67152200AF562B /* SearchViewModel.swift */,
			);
			path = Search;
			sourceTree = "<group>";
		};
		99320AE62C665EB100AF562B /* Network */ = {
			isa = PBXGroup;
			children = (
				99320AE72C665EBB00AF562B /* NetworkManeger.swift */,
			);
			path = Network;
			sourceTree = "<group>";
		};
		99320AEB2C67155100AF562B /* Protocol */ = {
			isa = PBXGroup;
			children = (
				99320AEC2C67161000AF562B /* InputOutputViewModel.swift */,
			);
			path = Protocol;
			sourceTree = "<group>";
		};
		9996C6592C674DFF008F1722 /* Detail */ = {
			isa = PBXGroup;
			children = (
				9996C65A2C674E0D008F1722 /* SearchDetailView.swift */,
			);
			path = Detail;
			sourceTree = "<group>";
		};
/* End PBXGroup section */

/* Begin PBXNativeTarget section */
		99320AA02C64F78900AF562B /* OurAppStore */ = {
			isa = PBXNativeTarget;
			buildConfigurationList = 99320AB52C64F78A00AF562B /* Build configuration list for PBXNativeTarget "OurAppStore" */;
			buildPhases = (
				99320A9D2C64F78900AF562B /* Sources */,
				99320A9E2C64F78900AF562B /* Frameworks */,
				99320A9F2C64F78900AF562B /* Resources */,
			);
			buildRules = (
			);
			dependencies = (
			);
			name = OurAppStore;
			packageProductDependencies = (
				99320AC52C64F8F600AF562B /* RxCocoa */,
				99320AC72C64F8F600AF562B /* RxSwift */,
				99320ACA2C64F90500AF562B /* SnapKit */,
				99320ACD2C64F91100AF562B /* Toast */,
				9996C6572C674002008F1722 /* Kingfisher */,
				9978F8C62C69F5C90064D69F /* Alamofire */,
			);
			productName = OurAppStore;
			productReference = 99320AA12C64F78900AF562B /* OurAppStore.app */;
			productType = "com.apple.product-type.application";
		};
/* End PBXNativeTarget section */

/* Begin PBXProject section */
		99320A992C64F78900AF562B /* Project object */ = {
			isa = PBXProject;
			attributes = {
				BuildIndependentTargetsInParallel = 1;
				LastSwiftUpdateCheck = 1530;
				LastUpgradeCheck = 1530;
				TargetAttributes = {
					99320AA02C64F78900AF562B = {
						CreatedOnToolsVersion = 15.3;
					};
				};
			};
			buildConfigurationList = 99320A9C2C64F78900AF562B /* Build configuration list for PBXProject "OurAppStore" */;
			compatibilityVersion = "Xcode 14.0";
			developmentRegion = en;
			hasScannedForEncodings = 0;
			knownRegions = (
				en,
				Base,
			);
			mainGroup = 99320A982C64F78900AF562B;
			packageReferences = (
				99320AC42C64F8F600AF562B /* XCRemoteSwiftPackageReference "RxSwift" */,
				99320AC92C64F90500AF562B /* XCRemoteSwiftPackageReference "SnapKit" */,
				99320ACC2C64F91100AF562B /* XCRemoteSwiftPackageReference "Toast-Swift" */,
				9996C6562C674002008F1722 /* XCRemoteSwiftPackageReference "Kingfisher" */,
				9978F8C52C69F5C90064D69F /* XCRemoteSwiftPackageReference "Alamofire" */,
			);
			productRefGroup = 99320AA22C64F78900AF562B /* Products */;
			projectDirPath = "";
			projectRoot = "";
			targets = (
				99320AA02C64F78900AF562B /* OurAppStore */,
			);
		};
/* End PBXProject section */

/* Begin PBXResourcesBuildPhase section */
		99320A9F2C64F78900AF562B /* Resources */ = {
			isa = PBXResourcesBuildPhase;
			buildActionMask = 2147483647;
			files = (
				99320AAE2C64F78A00AF562B /* Assets.xcassets in Resources */,
				99320AB12C64F78A00AF562B /* Base in Resources */,
			);
			runOnlyForDeploymentPostprocessing = 0;
		};
/* End PBXResourcesBuildPhase section */

/* Begin PBXSourcesBuildPhase section */
		99320A9D2C64F78900AF562B /* Sources */ = {
			isa = PBXSourcesBuildPhase;
			buildActionMask = 2147483647;
			files = (
				99320AA92C64F78900AF562B /* SearchViewcontroller.swift in Sources */,
				99320ABC2C64F87900AF562B /* BaseCollectionViewCell.swift in Sources */,
				99320AA52C64F78900AF562B /* AppDelegate.swift in Sources */,
				99320ADC2C64FC9C00AF562B /* ArcadeViewController.swift in Sources */,
				99320AE52C665D5500AF562B /* Software.swift in Sources */,
				99320ADE2C64FCD700AF562B /* AppViewController.swift in Sources */,
				99320AEA2C67152200AF562B /* SearchViewModel.swift in Sources */,
				99320AED2C67161000AF562B /* InputOutputViewModel.swift in Sources */,
				99320ABD2C64F87900AF562B /* BaseTableViewCell.swift in Sources */,
				9996C65B2C674E0D008F1722 /* SearchDetailView.swift in Sources */,
				99320ADA2C64FC9600AF562B /* GameViewController.swift in Sources */,
				99320AC12C64F8A700AF562B /* UIViewController+Extension.swift in Sources */,
				99320AD12C64FA7900AF562B /* HomeTabBarController.swift in Sources */,
				99320AA72C64F78900AF562B /* SceneDelegate.swift in Sources */,
				99320ABE2C64F87900AF562B /* BaseViewController.swift in Sources */,
				99320AC32C64F8C700AF562B /* ReuseIdentifier.swift in Sources */,
				99320AE82C665EBB00AF562B /* NetworkManeger.swift in Sources */,
				99320AD62C64FAF100AF562B /* Image.swift in Sources */,
				99320AE32C66039F00AF562B /* SearchTableViewCell.swift in Sources */,
				99320AD82C64FC8E00AF562B /* TodayViewController.swift in Sources */,
			);
			runOnlyForDeploymentPostprocessing = 0;
		};
/* End PBXSourcesBuildPhase section */

/* Begin PBXVariantGroup section */
		99320AAF2C64F78A00AF562B /* LaunchScreen.storyboard */ = {
			isa = PBXVariantGroup;
			children = (
				99320AB02C64F78A00AF562B /* Base */,
			);
			name = LaunchScreen.storyboard;
			sourceTree = "<group>";
		};
/* End PBXVariantGroup section */

/* Begin XCBuildConfiguration section */
		99320AB32C64F78A00AF562B /* Debug */ = {
			isa = XCBuildConfiguration;
			buildSettings = {
				ALWAYS_SEARCH_USER_PATHS = NO;
				ASSETCATALOG_COMPILER_GENERATE_SWIFT_ASSET_SYMBOL_EXTENSIONS = YES;
				CLANG_ANALYZER_NONNULL = YES;
				CLANG_ANALYZER_NUMBER_OBJECT_CONVERSION = YES_AGGRESSIVE;
				CLANG_CXX_LANGUAGE_STANDARD = "gnu++20";
				CLANG_ENABLE_MODULES = YES;
				CLANG_ENABLE_OBJC_ARC = YES;
				CLANG_ENABLE_OBJC_WEAK = YES;
				CLANG_WARN_BLOCK_CAPTURE_AUTORELEASING = YES;
				CLANG_WARN_BOOL_CONVERSION = YES;
				CLANG_WARN_COMMA = YES;
				CLANG_WARN_CONSTANT_CONVERSION = YES;
				CLANG_WARN_DEPRECATED_OBJC_IMPLEMENTATIONS = YES;
				CLANG_WARN_DIRECT_OBJC_ISA_USAGE = YES_ERROR;
				CLANG_WARN_DOCUMENTATION_COMMENTS = YES;
				CLANG_WARN_EMPTY_BODY = YES;
				CLANG_WARN_ENUM_CONVERSION = YES;
				CLANG_WARN_INFINITE_RECURSION = YES;
				CLANG_WARN_INT_CONVERSION = YES;
				CLANG_WARN_NON_LITERAL_NULL_CONVERSION = YES;
				CLANG_WARN_OBJC_IMPLICIT_RETAIN_SELF = YES;
				CLANG_WARN_OBJC_LITERAL_CONVERSION = YES;
				CLANG_WARN_OBJC_ROOT_CLASS = YES_ERROR;
				CLANG_WARN_QUOTED_INCLUDE_IN_FRAMEWORK_HEADER = YES;
				CLANG_WARN_RANGE_LOOP_ANALYSIS = YES;
				CLANG_WARN_STRICT_PROTOTYPES = YES;
				CLANG_WARN_SUSPICIOUS_MOVE = YES;
				CLANG_WARN_UNGUARDED_AVAILABILITY = YES_AGGRESSIVE;
				CLANG_WARN_UNREACHABLE_CODE = YES;
				CLANG_WARN__DUPLICATE_METHOD_MATCH = YES;
				COPY_PHASE_STRIP = NO;
				DEBUG_INFORMATION_FORMAT = dwarf;
				ENABLE_STRICT_OBJC_MSGSEND = YES;
				ENABLE_TESTABILITY = YES;
				ENABLE_USER_SCRIPT_SANDBOXING = YES;
				GCC_C_LANGUAGE_STANDARD = gnu17;
				GCC_DYNAMIC_NO_PIC = NO;
				GCC_NO_COMMON_BLOCKS = YES;
				GCC_OPTIMIZATION_LEVEL = 0;
				GCC_PREPROCESSOR_DEFINITIONS = (
					"DEBUG=1",
					"$(inherited)",
				);
				GCC_WARN_64_TO_32_BIT_CONVERSION = YES;
				GCC_WARN_ABOUT_RETURN_TYPE = YES_ERROR;
				GCC_WARN_UNDECLARED_SELECTOR = YES;
				GCC_WARN_UNINITIALIZED_AUTOS = YES_AGGRESSIVE;
				GCC_WARN_UNUSED_FUNCTION = YES;
				GCC_WARN_UNUSED_VARIABLE = YES;
				IPHONEOS_DEPLOYMENT_TARGET = 17.4;
				LOCALIZATION_PREFERS_STRING_CATALOGS = YES;
				MTL_ENABLE_DEBUG_INFO = INCLUDE_SOURCE;
				MTL_FAST_MATH = YES;
				ONLY_ACTIVE_ARCH = YES;
				SDKROOT = iphoneos;
				SWIFT_ACTIVE_COMPILATION_CONDITIONS = "DEBUG $(inherited)";
				SWIFT_OPTIMIZATION_LEVEL = "-Onone";
			};
			name = Debug;
		};
		99320AB42C64F78A00AF562B /* Release */ = {
			isa = XCBuildConfiguration;
			buildSettings = {
				ALWAYS_SEARCH_USER_PATHS = NO;
				ASSETCATALOG_COMPILER_GENERATE_SWIFT_ASSET_SYMBOL_EXTENSIONS = YES;
				CLANG_ANALYZER_NONNULL = YES;
				CLANG_ANALYZER_NUMBER_OBJECT_CONVERSION = YES_AGGRESSIVE;
				CLANG_CXX_LANGUAGE_STANDARD = "gnu++20";
				CLANG_ENABLE_MODULES = YES;
				CLANG_ENABLE_OBJC_ARC = YES;
				CLANG_ENABLE_OBJC_WEAK = YES;
				CLANG_WARN_BLOCK_CAPTURE_AUTORELEASING = YES;
				CLANG_WARN_BOOL_CONVERSION = YES;
				CLANG_WARN_COMMA = YES;
				CLANG_WARN_CONSTANT_CONVERSION = YES;
				CLANG_WARN_DEPRECATED_OBJC_IMPLEMENTATIONS = YES;
				CLANG_WARN_DIRECT_OBJC_ISA_USAGE = YES_ERROR;
				CLANG_WARN_DOCUMENTATION_COMMENTS = YES;
				CLANG_WARN_EMPTY_BODY = YES;
				CLANG_WARN_ENUM_CONVERSION = YES;
				CLANG_WARN_INFINITE_RECURSION = YES;
				CLANG_WARN_INT_CONVERSION = YES;
				CLANG_WARN_NON_LITERAL_NULL_CONVERSION = YES;
				CLANG_WARN_OBJC_IMPLICIT_RETAIN_SELF = YES;
				CLANG_WARN_OBJC_LITERAL_CONVERSION = YES;
				CLANG_WARN_OBJC_ROOT_CLASS = YES_ERROR;
				CLANG_WARN_QUOTED_INCLUDE_IN_FRAMEWORK_HEADER = YES;
				CLANG_WARN_RANGE_LOOP_ANALYSIS = YES;
				CLANG_WARN_STRICT_PROTOTYPES = YES;
				CLANG_WARN_SUSPICIOUS_MOVE = YES;
				CLANG_WARN_UNGUARDED_AVAILABILITY = YES_AGGRESSIVE;
				CLANG_WARN_UNREACHABLE_CODE = YES;
				CLANG_WARN__DUPLICATE_METHOD_MATCH = YES;
				COPY_PHASE_STRIP = NO;
				DEBUG_INFORMATION_FORMAT = "dwarf-with-dsym";
				ENABLE_NS_ASSERTIONS = NO;
				ENABLE_STRICT_OBJC_MSGSEND = YES;
				ENABLE_USER_SCRIPT_SANDBOXING = YES;
				GCC_C_LANGUAGE_STANDARD = gnu17;
				GCC_NO_COMMON_BLOCKS = YES;
				GCC_WARN_64_TO_32_BIT_CONVERSION = YES;
				GCC_WARN_ABOUT_RETURN_TYPE = YES_ERROR;
				GCC_WARN_UNDECLARED_SELECTOR = YES;
				GCC_WARN_UNINITIALIZED_AUTOS = YES_AGGRESSIVE;
				GCC_WARN_UNUSED_FUNCTION = YES;
				GCC_WARN_UNUSED_VARIABLE = YES;
				IPHONEOS_DEPLOYMENT_TARGET = 17.4;
				LOCALIZATION_PREFERS_STRING_CATALOGS = YES;
				MTL_ENABLE_DEBUG_INFO = NO;
				MTL_FAST_MATH = YES;
				SDKROOT = iphoneos;
				SWIFT_COMPILATION_MODE = wholemodule;
				VALIDATE_PRODUCT = YES;
			};
			name = Release;
		};
		99320AB62C64F78A00AF562B /* Debug */ = {
			isa = XCBuildConfiguration;
			buildSettings = {
				ASSETCATALOG_COMPILER_APPICON_NAME = AppIcon;
				ASSETCATALOG_COMPILER_GLOBAL_ACCENT_COLOR_NAME = AccentColor;
				CODE_SIGN_STYLE = Automatic;
				CURRENT_PROJECT_VERSION = 1;
				DEVELOPMENT_TEAM = Y2VDXSZQ3M;
				GENERATE_INFOPLIST_FILE = YES;
				INFOPLIST_FILE = OurAppStore/Info.plist;
				INFOPLIST_KEY_UIApplicationSupportsIndirectInputEvents = YES;
				INFOPLIST_KEY_UILaunchStoryboardName = LaunchScreen;
				INFOPLIST_KEY_UISupportedInterfaceOrientations = UIInterfaceOrientationPortrait;
				INFOPLIST_KEY_UISupportedInterfaceOrientations_iPad = "";
				IPHONEOS_DEPLOYMENT_TARGET = 16.0;
				LD_RUNPATH_SEARCH_PATHS = (
					"$(inherited)",
					"@executable_path/Frameworks",
				);
				MARKETING_VERSION = 1.0;
				PRODUCT_BUNDLE_IDENTIFIER = com.yun.OurAppStore;
				PRODUCT_NAME = "$(TARGET_NAME)";
				SUPPORTED_PLATFORMS = "iphoneos iphonesimulator";
				SUPPORTS_MACCATALYST = NO;
				SUPPORTS_MAC_DESIGNED_FOR_IPHONE_IPAD = NO;
				SUPPORTS_XR_DESIGNED_FOR_IPHONE_IPAD = NO;
				SWIFT_EMIT_LOC_STRINGS = YES;
				SWIFT_VERSION = 5.0;
				TARGETED_DEVICE_FAMILY = 1;
			};
			name = Debug;
		};
		99320AB72C64F78A00AF562B /* Release */ = {
			isa = XCBuildConfiguration;
			buildSettings = {
				ASSETCATALOG_COMPILER_APPICON_NAME = AppIcon;
				ASSETCATALOG_COMPILER_GLOBAL_ACCENT_COLOR_NAME = AccentColor;
				CODE_SIGN_STYLE = Automatic;
				CURRENT_PROJECT_VERSION = 1;
				DEVELOPMENT_TEAM = Y2VDXSZQ3M;
				GENERATE_INFOPLIST_FILE = YES;
				INFOPLIST_FILE = OurAppStore/Info.plist;
				INFOPLIST_KEY_UIApplicationSupportsIndirectInputEvents = YES;
				INFOPLIST_KEY_UILaunchStoryboardName = LaunchScreen;
				INFOPLIST_KEY_UISupportedInterfaceOrientations = UIInterfaceOrientationPortrait;
				INFOPLIST_KEY_UISupportedInterfaceOrientations_iPad = "";
				IPHONEOS_DEPLOYMENT_TARGET = 16.0;
				LD_RUNPATH_SEARCH_PATHS = (
					"$(inherited)",
					"@executable_path/Frameworks",
				);
				MARKETING_VERSION = 1.0;
				PRODUCT_BUNDLE_IDENTIFIER = com.yun.OurAppStore;
				PRODUCT_NAME = "$(TARGET_NAME)";
				SUPPORTED_PLATFORMS = "iphoneos iphonesimulator";
				SUPPORTS_MACCATALYST = NO;
				SUPPORTS_MAC_DESIGNED_FOR_IPHONE_IPAD = NO;
				SUPPORTS_XR_DESIGNED_FOR_IPHONE_IPAD = NO;
				SWIFT_EMIT_LOC_STRINGS = YES;
				SWIFT_VERSION = 5.0;
				TARGETED_DEVICE_FAMILY = 1;
			};
			name = Release;
		};
/* End XCBuildConfiguration section */

/* Begin XCConfigurationList section */
		99320A9C2C64F78900AF562B /* Build configuration list for PBXProject "OurAppStore" */ = {
			isa = XCConfigurationList;
			buildConfigurations = (
				99320AB32C64F78A00AF562B /* Debug */,
				99320AB42C64F78A00AF562B /* Release */,
			);
			defaultConfigurationIsVisible = 0;
			defaultConfigurationName = Release;
		};
		99320AB52C64F78A00AF562B /* Build configuration list for PBXNativeTarget "OurAppStore" */ = {
			isa = XCConfigurationList;
			buildConfigurations = (
				99320AB62C64F78A00AF562B /* Debug */,
				99320AB72C64F78A00AF562B /* Release */,
			);
			defaultConfigurationIsVisible = 0;
			defaultConfigurationName = Release;
		};
/* End XCConfigurationList section */

/* Begin XCRemoteSwiftPackageReference section */
		99320AC42C64F8F600AF562B /* XCRemoteSwiftPackageReference "RxSwift" */ = {
			isa = XCRemoteSwiftPackageReference;
			repositoryURL = "https://github.com/ReactiveX/RxSwift.git";
			requirement = {
				kind = upToNextMajorVersion;
				minimumVersion = 6.7.1;
			};
		};
		99320AC92C64F90500AF562B /* XCRemoteSwiftPackageReference "SnapKit" */ = {
			isa = XCRemoteSwiftPackageReference;
			repositoryURL = "https://github.com/SnapKit/SnapKit.git";
			requirement = {
				kind = upToNextMajorVersion;
				minimumVersion = 5.7.1;
			};
		};
		99320ACC2C64F91100AF562B /* XCRemoteSwiftPackageReference "Toast-Swift" */ = {
			isa = XCRemoteSwiftPackageReference;
			repositoryURL = "https://github.com/scalessec/Toast-Swift.git";
			requirement = {
				kind = upToNextMajorVersion;
				minimumVersion = 5.1.1;
			};
		};
		9978F8C52C69F5C90064D69F /* XCRemoteSwiftPackageReference "Alamofire" */ = {
			isa = XCRemoteSwiftPackageReference;
			repositoryURL = "https://github.com/Alamofire/Alamofire.git";
			requirement = {
				kind = upToNextMajorVersion;
				minimumVersion = 5.9.1;
			};
		};
		9996C6562C674002008F1722 /* XCRemoteSwiftPackageReference "Kingfisher" */ = {
			isa = XCRemoteSwiftPackageReference;
			repositoryURL = "https://github.com/onevcat/Kingfisher.git";
			requirement = {
				kind = upToNextMajorVersion;
				minimumVersion = 7.12.0;
			};
		};
/* End XCRemoteSwiftPackageReference section */

/* Begin XCSwiftPackageProductDependency section */
		99320AC52C64F8F600AF562B /* RxCocoa */ = {
			isa = XCSwiftPackageProductDependency;
			package = 99320AC42C64F8F600AF562B /* XCRemoteSwiftPackageReference "RxSwift" */;
			productName = RxCocoa;
		};
		99320AC72C64F8F600AF562B /* RxSwift */ = {
			isa = XCSwiftPackageProductDependency;
			package = 99320AC42C64F8F600AF562B /* XCRemoteSwiftPackageReference "RxSwift" */;
			productName = RxSwift;
		};
		99320ACA2C64F90500AF562B /* SnapKit */ = {
			isa = XCSwiftPackageProductDependency;
			package = 99320AC92C64F90500AF562B /* XCRemoteSwiftPackageReference "SnapKit" */;
			productName = SnapKit;
		};
		99320ACD2C64F91100AF562B /* Toast */ = {
			isa = XCSwiftPackageProductDependency;
			package = 99320ACC2C64F91100AF562B /* XCRemoteSwiftPackageReference "Toast-Swift" */;
			productName = Toast;
		};
		9978F8C62C69F5C90064D69F /* Alamofire */ = {
			isa = XCSwiftPackageProductDependency;
			package = 9978F8C52C69F5C90064D69F /* XCRemoteSwiftPackageReference "Alamofire" */;
			productName = Alamofire;
		};
		9996C6572C674002008F1722 /* Kingfisher */ = {
			isa = XCSwiftPackageProductDependency;
			package = 9996C6562C674002008F1722 /* XCRemoteSwiftPackageReference "Kingfisher" */;
			productName = Kingfisher;
		};
/* End XCSwiftPackageProductDependency section */
	};
	rootObject = 99320A992C64F78900AF562B /* Project object */;
}
